{
  "requires": true,
  "lockfileVersion": 1,
  "dependencies": {
    "@middy/core": {
      "version": "2.4.3",
      "resolved": "https://registry.npmjs.org/@middy/core/-/core-2.4.3.tgz",
      "integrity": "sha512-RrFtUdTz4wslGykSObLXzY1yL8ZBD/joZ0TTMVet2y19L1enIqfXABp0bv+LcbGP1NJNw8a9tXSAXk8ZNBoOwQ=="
    },
    "@middy/http-error-handler": {
      "version": "2.4.3",
      "resolved": "https://registry.npmjs.org/@middy/http-error-handler/-/http-error-handler-2.4.3.tgz",
      "integrity": "sha512-0MDHBjsuT8oL/pC69HxrOwCl9xazrjG08L5GQFKJL5ly2xnLMV/FnLcCyYRsA2jNHFhx/CGyA9IfiIIyCEihDA==",
      "requires": {
        "@middy/util": "^2.4.3"
      }
    },
    "@middy/http-event-normalizer": {
      "version": "2.4.3",
      "resolved": "https://registry.npmjs.org/@middy/http-event-normalizer/-/http-event-normalizer-2.4.3.tgz",
      "integrity": "sha512-DpCY4rnruAnlVv4LQuQqqNXB96w7jh4ocKvyG2Jg5opOPsbZr1ICLH5YcBBY92XfVhz18Vw8njG9luVwoaMD8A=="
    },
    "@middy/http-json-body-parser": {
      "version": "2.4.3",
      "resolved": "https://registry.npmjs.org/@middy/http-json-body-parser/-/http-json-body-parser-2.4.3.tgz",
      "integrity": "sha512-iqs5rXF2n/Y27H2h7FzPHJ0RzSvKiLu7mxR5VbMyDyDSMvSA73CpTk0ndfRvGBYjjfp+ZEaZeJWQi6ngj5Cmew==",
      "requires": {
        "@middy/util": "^2.4.3"
      }
    },
    "@middy/util": {
      "version": "2.4.3",
      "resolved": "https://registry.npmjs.org/@middy/util/-/util-2.4.3.tgz",
      "integrity": "sha512-OcKR73b9fZBWnE8XTTH7DkyPiyVu8oX+Sjr6Wyc+gj5f8pbWPkVfuRX6H4CmSe8opzSeWezajFOruvMCwHyaWQ=="
    }
  }
}
